{
  "name": "stock-icon",
  "version": "1.0.0",
  "lockfileVersion": 3,
  "requires": true,
  "packages": {
    "": {
      "name": "stock-icon",
      "version": "1.0.0",
      "license": "ISC",
      "devDependencies": {
        "@types/webextension-polyfill": "^0.12.4"
      }
    },
    "node_modules/@types/webextension-polyfill": {
      "version": "0.12.4",
      "resolved": "https://registry.npmjs.org/@types/webextension-polyfill/-/webextension-polyfill-0.12.4.tgz",
      "integrity": "sha512-wK8YdSI0pDiaehSLDIvtvonYmLwUUivg4Z6JCJO8rkyssMAG82cFJgwPK/V7NO61mJBLg/tXeoXQL8AFzpXZmQ==",
      "dev": true,
      "license": "MIT"
    }
  }
}
